
Microsoft Visual Studio Solution File, Format Version 12.00
# Visual Studio Version 17
VisualStudioVersion = 17.10.35027.167
MinimumVisualStudioVersion = 10.0.40219.1
Project("{9A19103F-16F7-4668-BE54-9A1E7A4F7556}") = "ESL", "ESL\ESL.csproj", "{AABB01EE-8BD1-455F-A079-B12667539162}"
EndProject
Project("{FAE04EC0-301F-11D3-BF4B-00C04F79EFBC}") = "ESL.Core", "ESL.Core\ESL.Core.csproj", "{A5A15EEC-1863-4545-9F8E-8D0DF29DEAC1}"
EndProject
Global
	GlobalSection(SolutionConfigurationPlatforms) = preSolution
		Debug|Any CPU = Debug|Any CPU
		Release|Any CPU = Release|Any CPU
	EndGlobalSection
	GlobalSection(ProjectConfigurationPlatforms) = postSolution
		{AABB01EE-8BD1-455F-A079-B12667539162}.Debug|Any CPU.ActiveCfg = Debug|Any CPU
		{AABB01EE-8BD1-455F-A079-B12667539162}.Debug|Any CPU.Build.0 = Debug|Any CPU
		{AABB01EE-8BD1-455F-A079-B12667539162}.Release|Any CPU.ActiveCfg = Release|Any CPU
		{AABB01EE-8BD1-455F-A079-B12667539162}.Release|Any CPU.Build.0 = Release|Any CPU
		{A5A15EEC-1863-4545-9F8E-8D0DF29DEAC1}.Debug|Any CPU.ActiveCfg = Debug|Any CPU
		{A5A15EEC-1863-4545-9F8E-8D0DF29DEAC1}.Debug|Any CPU.Build.0 = Debug|Any CPU
		{A5A15EEC-1863-4545-9F8E-8D0DF29DEAC1}.Release|Any CPU.ActiveCfg = Release|Any CPU
		{A5A15EEC-1863-4545-9F8E-8D0DF29DEAC1}.Release|Any CPU.Build.0 = Release|Any CPU
	EndGlobalSection
	GlobalSection(SolutionProperties) = preSolution
		HideSolutionNode = FALSE
	EndGlobalSection
	GlobalSection(ExtensibilityGlobals) = postSolution
		SolutionGuid = {15E572B7-A5EA-4946-9BBC-B666258B4F95}
	EndGlobalSection
EndGlobal
